// !$*UTF8*$!
{
	archiveVersion = 1;
	classes = {
	};
	objectVersion = 50;
	objects = {

/* Begin PBXBuildFile section */
		0401223022996A5F0064F9F5 /* AppDelegate.swift in Sources */ = {isa = PBXBuildFile; fileRef = 0401222F22996A5F0064F9F5 /* AppDelegate.swift */; };
		0401223222996A5F0064F9F5 /* ViewController.swift in Sources */ = {isa = PBXBuildFile; fileRef = 0401223122996A5F0064F9F5 /* ViewController.swift */; };
		0401223522996A5F0064F9F5 /* Main.storyboard in Resources */ = {isa = PBXBuildFile; fileRef = 0401223322996A5F0064F9F5 /* Main.storyboard */; };
		0401223722996A610064F9F5 /* Assets.xcassets in Resources */ = {isa = PBXBuildFile; fileRef = 0401223622996A610064F9F5 /* Assets.xcassets */; };
		0401223A22996A610064F9F5 /* LaunchScreen.storyboard in Resources */ = {isa = PBXBuildFile; fileRef = 0401223822996A610064F9F5 /* LaunchScreen.storyboard */; };
		04012247229971DD0064F9F5 /* File.swift in Sources */ = {isa = PBXBuildFile; fileRef = 04012246229971DD0064F9F5 /* File.swift */; };
/* End PBXBuildFile section */

/* Begin PBXFileReference section */
		0401222C22996A5F0064F9F5 /* Proj.app */ = {isa = PBXFileReference; explicitFileType = wrapper.application; includeInIndex = 0; path = Proj.app; sourceTree = BUILT_PRODUCTS_DIR; };
		0401222F22996A5F0064F9F5 /* AppDelegate.swift */ = {isa = PBXFileReference; lastKnownFileType = sourcecode.swift; path = AppDelegate.swift; sourceTree = "<group>"; };
		0401223122996A5F0064F9F5 /* ViewController.swift */ = {isa = PBXFileReference; lastKnownFileType = sourcecode.swift; path = ViewController.swift; sourceTree = "<group>"; };
		0401223422996A5F0064F9F5 /* Base */ = {isa = PBXFileReference; lastKnownFileType = file.storyboard; name = Base; path = Base.lproj/Main.storyboard; sourceTree = "<group>"; };
		0401223622996A610064F9F5 /* Assets.xcassets */ = {isa = PBXFileReference; lastKnownFileType = folder.assetcatalog; path = Assets.xcassets; sourceTree = "<group>"; };
		0401223922996A610064F9F5 /* Base */ = {isa = PBXFileReference; lastKnownFileType = file.storyboard; name = Base; path = Base.lproj/LaunchScreen.storyboard; sourceTree = "<group>"; };
		0401223B22996A610064F9F5 /* Info.plist */ = {isa = PBXFileReference; lastKnownFileType = text.plist.xml; path = Info.plist; sourceTree = "<group>"; };
		04012246229971DD0064F9F5 /* File.swift */ = {isa = PBXFileReference; lastKnownFileType = sourcecode.swift; path = File.swift; sourceTree = "<group>"; };
/* End PBXFileReference section */

/* Begin PBXFrameworksBuildPhase section */
		0401222922996A5F0064F9F5 /* Frameworks */ = {
			isa = PBXFrameworksBuildPhase;
			buildActionMask = 2147483647;
			files = (
			);
			runOnlyForDeploymentPostprocessing = 0;
		};
/* End PBXFrameworksBuildPhase section */

/* Begin PBXGroup section */
		0401222322996A5F0064F9F5 = {
			isa = PBXGroup;
			children = (
				04012246229971DD0064F9F5 /* File.swift */,
				0401222E22996A5F0064F9F5 /* Proj */,
				0401222D22996A5F0064F9F5 /* Products */,
			);
			sourceTree = "<group>";
		};
		0401222D22996A5F0064F9F5 /* Products */ = {
			isa = PBXGroup;
			children = (
				0401222C22996A5F0064F9F5 /* Proj.app */,
			);
			name = Products;
			sourceTree = "<group>";
		};
		0401222E22996A5F0064F9F5 /* Proj */ = {
			isa = PBXGroup;
			children = (
				04012245229971B40064F9F5 /* Model */,
				0401224422996B180064F9F5 /* App */,
				0401224122996AA60064F9F5 /* Resorces */,
				0401224322996ADD0064F9F5 /* View */,
				0401224222996ADA0064F9F5 /* View Controller */,
			);
			path = Proj;
			sourceTree = "<group>";
		};
		0401224122996AA60064F9F5 /* Resorces */ = {
			isa = PBXGroup;
			children = (
				0401223622996A610064F9F5 /* Assets.xcassets */,
			);
			path = Resorces;
			sourceTree = "<group>";
		};
		0401224222996ADA0064F9F5 /* View Controller */ = {
			isa = PBXGroup;
			children = (
				0401223122996A5F0064F9F5 /* ViewController.swift */,
			);
			path = "View Controller";
			sourceTree = "<group>";
		};
		0401224322996ADD0064F9F5 /* View */ = {
			isa = PBXGroup;
			children = (
				0401223822996A610064F9F5 /* LaunchScreen.storyboard */,
				0401223322996A5F0064F9F5 /* Main.storyboard */,
			);
			path = View;
			sourceTree = "<group>";
		};
		0401224422996B180064F9F5 /* App */ = {
			isa = PBXGroup;
			children = (
				0401223B22996A610064F9F5 /* Info.plist */,
				0401222F22996A5F0064F9F5 /* AppDelegate.swift */,
			);
			path = App;
			sourceTree = "<group>";
		};
		04012245229971B40064F9F5 /* Model */ = {
			isa = PBXGroup;
			children = (
			);
			path = Model;
			sourceTree = "<group>";
		};
/* End PBXGroup section */

/* Begin PBXNativeTarget section */
		0401222B22996A5F0064F9F5 /* Proj */ = {
			isa = PBXNativeTarget;
			buildConfigurationList = 0401223E22996A610064F9F5 /* Build configuration list for PBXNativeTarget "Proj" */;
			buildPhases = (
				0401222822996A5F0064F9F5 /* Sources */,
				0401222922996A5F0064F9F5 /* Frameworks */,
				0401222A22996A5F0064F9F5 /* Resources */,
			);
			buildRules = (
			);
			dependencies = (
			);
			name = Proj;
			productName = Proj;
			productReference = 0401222C22996A5F0064F9F5 /* Proj.app */;
			productType = "com.apple.product-type.application";
		};
/* End PBXNativeTarget section */

/* Begin PBXProject section */
		0401222422996A5F0064F9F5 /* Project object */ = {
			isa = PBXProject;
			attributes = {
				LastSwiftUpdateCheck = 1020;
				LastUpgradeCheck = 1020;
				ORGANIZATIONNAME = Letovo;
				TargetAttributes = {
					0401222B22996A5F0064F9F5 = {
						CreatedOnToolsVersion = 10.2.1;
					};
				};
			};
			buildConfigurationList = 0401222722996A5F0064F9F5 /* Build configuration list for PBXProject "Proj" */;
			compatibilityVersion = "Xcode 9.3";
			developmentRegion = en;
			hasScannedForEncodings = 0;
			knownRegions = (
				en,
				Base,
			);
			mainGroup = 0401222322996A5F0064F9F5;
			productRefGroup = 0401222D22996A5F0064F9F5 /* Products */;
			projectDirPath = "";
			projectRoot = "";
			targets = (
				0401222B22996A5F0064F9F5 /* Proj */,
			);
		};
/* End PBXProject section */

/* Begin PBXResourcesBuildPhase section */
		0401222A22996A5F0064F9F5 /* Resources */ = {
			isa = PBXResourcesBuildPhase;
			buildActionMask = 2147483647;
			files = (
				0401223A22996A610064F9F5 /* LaunchScreen.storyboard in Resources */,
				0401223722996A610064F9F5 /* Assets.xcassets in Resources */,
				0401223522996A5F0064F9F5 /* Main.storyboard in Resources */,
			);
			runOnlyForDeploymentPostprocessing = 0;
		};
/* End PBXResourcesBuildPhase section */

/* Begin PBXSourcesBuildPhase section */
		0401222822996A5F0064F9F5 /* Sources */ = {
			isa = PBXSourcesBuildPhase;
			buildActionMask = 2147483647;
			files = (
				0401223222996A5F0064F9F5 /* ViewController.swift in Sources */,
				04012247229971DD0064F9F5 /* File.swift in Sources */,
				0401223022996A5F0064F9F5 /* AppDelegate.swift in Sources */,
			);
			runOnlyForDeploymentPostprocessing = 0;
		};
/* End PBXSourcesBuildPhase section */

/* Begin PBXVariantGroup section */
		0401223322996A5F0064F9F5 /* Main.storyboard */ = {
			isa = PBXVariantGroup;
			children = (
				0401223422996A5F0064F9F5 /* Base */,
			);
			name = Main.storyboard;
			sourceTree = "<group>";
		};
		0401223822996A610064F9F5 /* LaunchScreen.storyboard */ = {
			isa = PBXVariantGroup;
			children = (
				0401223922996A610064F9F5 /* Base */,
			);
			name = LaunchScreen.storyboard;
			sourceTree = "<group>";
		};
/* End PBXVariantGroup section */

/* Begin XCBuildConfiguration section */
		0401223C22996A610064F9F5 /* Debug */ = {
			isa = XCBuildConfiguration;
			buildSettings = {
				ALWAYS_SEARCH_USER_PATHS = NO;
				CLANG_ANALYZER_NONNULL = YES;
				CLANG_ANALYZER_NUMBER_OBJECT_CONVERSION = YES_AGGRESSIVE;
				CLANG_CXX_LANGUAGE_STANDARD = "gnu++14";
				CLANG_CXX_LIBRARY = "libc++";
				CLANG_ENABLE_MODULES = YES;
				CLANG_ENABLE_OBJC_ARC = YES;
				CLANG_ENABLE_OBJC_WEAK = YES;
				CLANG_WARN_BLOCK_CAPTURE_AUTORELEASING = YES;
				CLANG_WARN_BOOL_CONVERSION = YES;
				CLANG_WARN_COMMA = YES;
				CLANG_WARN_CONSTANT_CONVERSION = YES;
				CLANG_WARN_DEPRECATED_OBJC_IMPLEMENTATIONS = YES;
				CLANG_WARN_DIRECT_OBJC_ISA_USAGE = YES_ERROR;
				CLANG_WARN_DOCUMENTATION_COMMENTS = YES;
				CLANG_WARN_EMPTY_BODY = YES;
				CLANG_WARN_ENUM_CONVERSION = YES;
				CLANG_WARN_INFINITE_RECURSION = YES;
				CLANG_WARN_INT_CONVERSION = YES;
				CLANG_WARN_NON_LITERAL_NULL_CONVERSION = YES;
				CLANG_WARN_OBJC_IMPLICIT_RETAIN_SELF = YES;
				CLANG_WARN_OBJC_LITERAL_CONVERSION = YES;
				CLANG_WARN_OBJC_ROOT_CLASS = YES_ERROR;
				CLANG_WARN_RANGE_LOOP_ANALYSIS = YES;
				CLANG_WARN_STRICT_PROTOTYPES = YES;
				CLANG_WARN_SUSPICIOUS_MOVE = YES;
				CLANG_WARN_UNGUARDED_AVAILABILITY = YES_AGGRESSIVE;
				CLANG_WARN_UNREACHABLE_CODE = YES;
				CLANG_WARN__DUPLICATE_METHOD_MATCH = YES;
				CODE_SIGN_IDENTITY = "iPhone Developer";
				COPY_PHASE_STRIP = NO;
				DEBUG_INFORMATION_FORMAT = dwarf;
				ENABLE_STRICT_OBJC_MSGSEND = YES;
				ENABLE_TESTABILITY = YES;
				GCC_C_LANGUAGE_STANDARD = gnu11;
				GCC_DYNAMIC_NO_PIC = NO;
				GCC_NO_COMMON_BLOCKS = YES;
				GCC_OPTIMIZATION_LEVEL = 0;
				GCC_PREPROCESSOR_DEFINITIONS = (
					"DEBUG=1",
					"$(inherited)",
				);
				GCC_WARN_64_TO_32_BIT_CONVERSION = YES;
				GCC_WARN_ABOUT_RETURN_TYPE = YES_ERROR;
				GCC_WARN_UNDECLARED_SELECTOR = YES;
				GCC_WARN_UNINITIALIZED_AUTOS = YES_AGGRESSIVE;
				GCC_WARN_UNUSED_FUNCTION = YES;
				GCC_WARN_UNUSED_VARIABLE = YES;
				IPHONEOS_DEPLOYMENT_TARGET = 12.2;
				MTL_ENABLE_DEBUG_INFO = INCLUDE_SOURCE;
				MTL_FAST_MATH = YES;
				ONLY_ACTIVE_ARCH = YES;
				SDKROOT = iphoneos;
				SWIFT_ACTIVE_COMPILATION_CONDITIONS = DEBUG;
				SWIFT_OPTIMIZATION_LEVEL = "-Onone";
			};
			name = Debug;
		};
		0401223D22996A610064F9F5 /* Release */ = {
			isa = XCBuildConfiguration;
			buildSettings = {
				ALWAYS_SEARCH_USER_PATHS = NO;
				CLANG_ANALYZER_NONNULL = YES;
				CLANG_ANALYZER_NUMBER_OBJECT_CONVERSION = YES_AGGRESSIVE;
				CLANG_CXX_LANGUAGE_STANDARD = "gnu++14";
				CLANG_CXX_LIBRARY = "libc++";
				CLANG_ENABLE_MODULES = YES;
				CLANG_ENABLE_OBJC_ARC = YES;
				CLANG_ENABLE_OBJC_WEAK = YES;
				CLANG_WARN_BLOCK_CAPTURE_AUTORELEASING = YES;
				CLANG_WARN_BOOL_CONVERSION = YES;
				CLANG_WARN_COMMA = YES;
				CLANG_WARN_CONSTANT_CONVERSION = YES;
				CLANG_WARN_DEPRECATED_OBJC_IMPLEMENTATIONS = YES;
				CLANG_WARN_DIRECT_OBJC_ISA_USAGE = YES_ERROR;
				CLANG_WARN_DOCUMENTATION_COMMENTS = YES;
				CLANG_WARN_EMPTY_BODY = YES;
				CLANG_WARN_ENUM_CONVERSION = YES;
				CLANG_WARN_INFINITE_RECURSION = YES;
				CLANG_WARN_INT_CONVERSION = YES;
				CLANG_WARN_NON_LITERAL_NULL_CONVERSION = YES;
				CLANG_WARN_OBJC_IMPLICIT_RETAIN_SELF = YES;
				CLANG_WARN_OBJC_LITERAL_CONVERSION = YES;
				CLANG_WARN_OBJC_ROOT_CLASS = YES_ERROR;
				CLANG_WARN_RANGE_LOOP_ANALYSIS = YES;
				CLANG_WARN_STRICT_PROTOTYPES = YES;
				CLANG_WARN_SUSPICIOUS_MOVE = YES;
				CLANG_WARN_UNGUARDED_AVAILABILITY = YES_AGGRESSIVE;
				CLANG_WARN_UNREACHABLE_CODE = YES;
				CLANG_WARN__DUPLICATE_METHOD_MATCH = YES;
				CODE_SIGN_IDENTITY = "iPhone Developer";
				COPY_PHASE_STRIP = NO;
				DEBUG_INFORMATION_FORMAT = "dwarf-with-dsym";
				ENABLE_NS_ASSERTIONS = NO;
				ENABLE_STRICT_OBJC_MSGSEND = YES;
				GCC_C_LANGUAGE_STANDARD = gnu11;
				GCC_NO_COMMON_BLOCKS = YES;
				GCC_WARN_64_TO_32_BIT_CONVERSION = YES;
				GCC_WARN_ABOUT_RETURN_TYPE = YES_ERROR;
				GCC_WARN_UNDECLARED_SELECTOR = YES;
				GCC_WARN_UNINITIALIZED_AUTOS = YES_AGGRESSIVE;
				GCC_WARN_UNUSED_FUNCTION = YES;
				GCC_WARN_UNUSED_VARIABLE = YES;
				IPHONEOS_DEPLOYMENT_TARGET = 12.2;
				MTL_ENABLE_DEBUG_INFO = NO;
				MTL_FAST_MATH = YES;
				SDKROOT = iphoneos;
				SWIFT_COMPILATION_MODE = wholemodule;
				SWIFT_OPTIMIZATION_LEVEL = "-O";
				VALIDATE_PRODUCT = YES;
			};
			name = Release;
		};
		0401223F22996A610064F9F5 /* Debug */ = {
			isa = XCBuildConfiguration;
			buildSettings = {
				ASSETCATALOG_COMPILER_APPICON_NAME = AppIcon;
				CODE_SIGN_STYLE = Automatic;
				DEVELOPMENT_TEAM = ZRY3NB9CKA;
				INFOPLIST_FILE = "$(SRCROOT)/Proj/App/Info.plist";
				LD_RUNPATH_SEARCH_PATHS = (
					"$(inherited)",
					"@executable_path/Frameworks",
				);
				PRODUCT_BUNDLE_IDENTIFIER = ru.letovo1.Proj;
				PRODUCT_NAME = "$(TARGET_NAME)";
				SWIFT_VERSION = 5.0;
				TARGETED_DEVICE_FAMILY = "1,2";
			};
			name = Debug;
		};
		0401224022996A610064F9F5 /* Release */ = {
			isa = XCBuildConfiguration;
			buildSettings = {
				ASSETCATALOG_COMPILER_APPICON_NAME = AppIcon;
				CODE_SIGN_STYLE = Automatic;
				DEVELOPMENT_TEAM = ZRY3NB9CKA;
				INFOPLIST_FILE = "$(SRCROOT)/Proj/App/Info.plist";
				LD_RUNPATH_SEARCH_PATHS = (
					"$(inherited)",
					"@executable_path/Frameworks",
				);
				PRODUCT_BUNDLE_IDENTIFIER = ru.letovo1.Proj;
				PRODUCT_NAME = "$(TARGET_NAME)";
				SWIFT_VERSION = 5.0;
				TARGETED_DEVICE_FAMILY = "1,2";
			};
			name = Release;
		};
/* End XCBuildConfiguration section */

/* Begin XCConfigurationList section */
		0401222722996A5F0064F9F5 /* Build configuration list for PBXProject "Proj" */ = {
			isa = XCConfigurationList;
			buildConfigurations = (
				0401223C22996A610064F9F5 /* Debug */,
				0401223D22996A610064F9F5 /* Release */,
			);
			defaultConfigurationIsVisible = 0;
			defaultConfigurationName = Release;
		};
		0401223E22996A610064F9F5 /* Build configuration list for PBXNativeTarget "Proj" */ = {
			isa = XCConfigurationList;
			buildConfigurations = (
				0401223F22996A610064F9F5 /* Debug */,
				0401224022996A610064F9F5 /* Release */,
			);
			defaultConfigurationIsVisible = 0;
			defaultConfigurationName = Release;
		};
/* End XCConfigurationList section */
	};
	rootObject = 0401222422996A5F0064F9F5 /* Project object */;
}
